
Microsoft Visual Studio Solution File, Format Version 12.00
# Visual Studio Version 17
VisualStudioVersion = 17.6.33815.320
MinimumVisualStudioVersion = 10.0.40219.1
Project("{FAE04EC0-301F-11D3-BF4B-00C04F79EFBC}") = "Task2Napilnik", "Task2Napilnik.csproj", "{1A7AE880-E9BB-43AA-8730-D9A6926EBE3C}"
EndProject
Global
	GlobalSection(SolutionConfigurationPlatforms) = preSolution
		Debug|Any CPU = Debug|Any CPU
		Release|Any CPU = Release|Any CPU
	EndGlobalSection
	GlobalSection(ProjectConfigurationPlatforms) = postSolution
		{1A7AE880-E9BB-43AA-8730-D9A6926EBE3C}.Debug|Any CPU.ActiveCfg = Debug|Any CPU
		{1A7AE880-E9BB-43AA-8730-D9A6926EBE3C}.Debug|Any CPU.Build.0 = Debug|Any CPU
		{1A7AE880-E9BB-43AA-8730-D9A6926EBE3C}.Release|Any CPU.ActiveCfg = Release|Any CPU
		{1A7AE880-E9BB-43AA-8730-D9A6926EBE3C}.Release|Any CPU.Build.0 = Release|Any CPU
	EndGlobalSection
	GlobalSection(SolutionProperties) = preSolution
		HideSolutionNode = FALSE
	EndGlobalSection
	GlobalSection(ExtensibilityGlobals) = postSolution
		SolutionGuid = {7968A98A-F03D-493A-90E9-2010108E3D3A}
	EndGlobalSection
EndGlobal
